{
  "originHash" : "24a723309d7a0039d3df3051106f77ac1ed7068a02508e3a6804e41d757e6c72",
  "pins" : [
    {
      "identity" : "commander",
      "kind" : "remoteSourceControl",
      "location" : "https://github.com/steipete/Commander.git",
      "state" : {
        "revision" : "xxGXRAXVJfY9MQuRq7K7nurVkzYTQu====/npqRUa7HM8h5NUHrf9cqbn4JL6hdBKqHhTh9eikESgEg9Vaf3LRSmHAGUbdN/AH5RDetv3XUPQ3Gjpnz2tB3YXQDynz3mB2CWjgsmx7fuLXLjRhr9f34==",
        "version" : "0.2.1"
      }
    },
    {
      "identity" : "elevenlabskit",
      "kind" : "remoteSourceControl",
      "location" : "https://github.com/steipete/ElevenLabsKit",
      "state" : {
        "revision" : "bjiyySE7i6QRhgv6qgBErYp2Ayt2ih====/k4e2CB7XXRiqB4kGm65Tje4TaK2MpJAH85Avi6UcXBD2sc3Mg86ar7LxvRKUVMQKccmVC6d2Jjeba7XSLtiH774bq5LTEmSz4bAgkmLktmmrLcwqRhPEh==",
        "version" : "0.1.0"
      }
    },
    {
      "identity" : "swift-concurrency-extras",
      "kind" : "remoteSourceControl",
      "location" : "https://github.com/pointfreeco/swift-concurrency-extras",
      "state" : {
        "revision" : "hKiTvyXSaVfYeJMxZC5zsDRtYPJxP3====/VZnpTEiZdE6TABydn8rApTLvhMEwQGTEUnXCDhtGHqRxuTQjq/qWBe9p7Y7m/SB9/ZDQDyjguV/GYbGy3WwLzqwWvCmbtTBDSg6PJvfnqPzHwLKpsg5QB==",
        "version" : "1.3.2"
      }
    },
    {
      "identity" : "swift-syntax",
      "kind" : "remoteSourceControl",
      "location" : "https://github.com/swiftlang/swift-syntax.git",
      "state" : {
        "revision" : "fHw7dk86Dj3X6JAphyvDfK5irMMTIw====/a77sqwmWLyxMisqVDG74tdYAkRufyTr2RMXJv0dwrlbFTSk/G/FUEl7qCHqTWDffKgZ2ya4brNmqdgjwgytVgsBwJdhJMxw62jLOZUjMhV+2Asn3qSwXw==",
        "version" : "600.0.1"
      }
    },
    {
      "identity" : "swift-testing",
      "kind" : "remoteSourceControl",
      "location" : "https://github.com/apple/swift-testing",
      "state" : {
        "revision" : "pjvY8FATYG7AVjtv7zvQvrydgZGf7M====/6aRVjsbkd94GTYuDHTvtRQLBzadf5Nxek399gsPSYDQnBrJqXiKQUXM59Q7YkD/uZaCkRk/qZHHLzzn2A8UiVZRcSS8FQxHXhhJhd2qjLJAXdKpSajMAHNK==",
        "version" : "0.99.0"
      }
    },
    {
      "identity" : "swiftui-math",
      "kind" : "remoteSourceControl",
      "location" : "https://github.com/gonzalezreal/swiftui-math",
      "state" : {
        "revision" : "SXr2RGn7VZsxTSvBgHfqbC7UXPJdFa====/4gNuFRZGyZWDbZExxYPN6nZndQPZ2Y7gEWigVRZUevEzvYX26PW6pcwtPCYL5AGJmGSeiSPcBWmbWHR9PQTjnVcwYa7dDrk3thR4uN86WC8stsx==",
        "version" : "0.1.0"
      }
    },
    {
      "identity" : "textual",
      "kind" : "remoteSourceControl",
      "location" : "https://github.com/gonzalezreal/textual",
      "state" : {
        "revision" : "utA2QeXu/R6NCA8QtBAiZdPQ4L3p2DwV====/BFSyBmnutH4AgJqHJ6c2DFzkeiY3ebQLqR9FpqBHqkHFt/DVvRKUVMEi4MKWsBRR2CNRKW4ZihZaCkRk/qZHHdPC8stsx==",
        "version" : "0.3.1"
      }
    }
  ],
  "version" : 3
}
